// !$*UTF8*$!
{
	archiveVersion = 1;
	classes = {
	};
	objectVersion = 51;
	objects = {

/* Begin PBXBuildFile section */
		53307090BC40ED98C4225EE7 /* Pods_DYZB.framework in Frameworks */ = {isa = PBXBuildFile; fileRef = E0A530C71C902E54727BD3B4 /* Pods_DYZB.framework */; };
		7001BA372501F6220061A70E /* Profile.storyboard in Resources */ = {isa = PBXBuildFile; fileRef = 7001BA362501F6220061A70E /* Profile.storyboard */; };
		7001BA392501F6390061A70E /* Live.storyboard in Resources */ = {isa = PBXBuildFile; fileRef = 7001BA382501F6390061A70E /* Live.storyboard */; };
		7001BA3B2501F6520061A70E /* Follow.storyboard in Resources */ = {isa = PBXBuildFile; fileRef = 7001BA3A2501F6520061A70E /* Follow.storyboard */; };
		7001BA3D2501F6670061A70E /* Home.storyboard in Resources */ = {isa = PBXBuildFile; fileRef = 7001BA3C2501F6670061A70E /* Home.storyboard */; };
		7001BA3F25020B0C0061A70E /* MainViewController.swift in Sources */ = {isa = PBXBuildFile; fileRef = 7001BA3E25020B0C0061A70E /* MainViewController.swift */; };
		7001BA50250210770061A70E /* HomeViewController.swift in Sources */ = {isa = PBXBuildFile; fileRef = 7001BA4F250210770061A70E /* HomeViewController.swift */; };
		7001BA53250215DC0061A70E /* UIBarButtonItem-Extension.swift in Sources */ = {isa = PBXBuildFile; fileRef = 7001BA52250215DC0061A70E /* UIBarButtonItem-Extension.swift */; };
		7001BA5525021B0A0061A70E /* PageTitleView.swift in Sources */ = {isa = PBXBuildFile; fileRef = 7001BA5425021B0A0061A70E /* PageTitleView.swift */; };
		7001BA5725021DCF0061A70E /* Common.swift in Sources */ = {isa = PBXBuildFile; fileRef = 7001BA5625021DCF0061A70E /* Common.swift */; };
		7001BA59250225FD0061A70E /* PageContentView.swift in Sources */ = {isa = PBXBuildFile; fileRef = 7001BA58250225FD0061A70E /* PageContentView.swift */; };
		7001BA5B250227C50061A70E /* UIColor_Extension.swift in Sources */ = {isa = PBXBuildFile; fileRef = 7001BA5A250227C50061A70E /* UIColor_Extension.swift */; };
		701F66332500E78C003ADAA1 /* AppDelegate.swift in Sources */ = {isa = PBXBuildFile; fileRef = 701F66322500E78C003ADAA1 /* AppDelegate.swift */; };
		701F663A2500E78C003ADAA1 /* Main.storyboard in Resources */ = {isa = PBXBuildFile; fileRef = 701F66382500E78C003ADAA1 /* Main.storyboard */; };
		701F663C2500E78F003ADAA1 /* Assets.xcassets in Resources */ = {isa = PBXBuildFile; fileRef = 701F663B2500E78F003ADAA1 /* Assets.xcassets */; };
		701F663F2500E78F003ADAA1 /* LaunchScreen.storyboard in Resources */ = {isa = PBXBuildFile; fileRef = 701F663D2500E78F003ADAA1 /* LaunchScreen.storyboard */; };
		7025B95825050F340032563C /* Date-Extension.swift in Sources */ = {isa = PBXBuildFile; fileRef = 7025B95725050F340032563C /* Date-Extension.swift */; };
		7025B95A250517980032563C /* AnchorGroup.swift in Sources */ = {isa = PBXBuildFile; fileRef = 7025B959250517980032563C /* AnchorGroup.swift */; };
		7025B95C25051C2C0032563C /* AnchorModel.swift in Sources */ = {isa = PBXBuildFile; fileRef = 7025B95B25051C2C0032563C /* AnchorModel.swift */; };
		709B000F2504DFE600092E39 /* RecommendViewModel.swift in Sources */ = {isa = PBXBuildFile; fileRef = 709B000E2504DFE600092E39 /* RecommendViewModel.swift */; };
		70AA8B18250384430085EFA7 /* RecommendViewController.swift in Sources */ = {isa = PBXBuildFile; fileRef = 70AA8B17250384430085EFA7 /* RecommendViewController.swift */; };
		70AA8B1B25038C040085EFA7 /* CollectionHeaderView.swift in Sources */ = {isa = PBXBuildFile; fileRef = 70AA8B1925038C040085EFA7 /* CollectionHeaderView.swift */; };
		70AA8B1C25038C040085EFA7 /* CollectionHeaderView.xib in Resources */ = {isa = PBXBuildFile; fileRef = 70AA8B1A25038C040085EFA7 /* CollectionHeaderView.xib */; };
		70AA8B1F250390830085EFA7 /* CollectionNormalCell.swift in Sources */ = {isa = PBXBuildFile; fileRef = 70AA8B1D250390830085EFA7 /* CollectionNormalCell.swift */; };
		70AA8B20250390830085EFA7 /* CollectionNormalCell.xib in Resources */ = {isa = PBXBuildFile; fileRef = 70AA8B1E250390830085EFA7 /* CollectionNormalCell.xib */; };
		70AA8B232503E7830085EFA7 /* CollectionPrettyCell.swift in Sources */ = {isa = PBXBuildFile; fileRef = 70AA8B212503E7830085EFA7 /* CollectionPrettyCell.swift */; };
		70AA8B242503E7830085EFA7 /* CollectionPrettyCell.xib in Resources */ = {isa = PBXBuildFile; fileRef = 70AA8B222503E7830085EFA7 /* CollectionPrettyCell.xib */; };
		70AA8B262503F7810085EFA7 /* NetworkTools.swift in Sources */ = {isa = PBXBuildFile; fileRef = 70AA8B252503F7800085EFA7 /* NetworkTools.swift */; };
		70B1E90A25067FF700E8B379 /* AmuseViewController.swift in Sources */ = {isa = PBXBuildFile; fileRef = 70B1E90925067FF700E8B379 /* AmuseViewController.swift */; };
		70B1E90C2506834200E8B379 /* AmuseViewModel.swift in Sources */ = {isa = PBXBuildFile; fileRef = 70B1E90B2506834200E8B379 /* AmuseViewModel.swift */; };
		70E7980C2505DC4900E63AA9 /* CollectionBaseCell.swift in Sources */ = {isa = PBXBuildFile; fileRef = 70E7980B2505DC4900E63AA9 /* CollectionBaseCell.swift */; };
		70E7980E2505DFD500E63AA9 /* RecommendCycleView.swift in Sources */ = {isa = PBXBuildFile; fileRef = 70E7980D2505DFD500E63AA9 /* RecommendCycleView.swift */; };
		70E798102505DFF200E63AA9 /* RecommendCycleView.xib in Resources */ = {isa = PBXBuildFile; fileRef = 70E7980F2505DFF200E63AA9 /* RecommendCycleView.xib */; };
		70E798122505FE1E00E63AA9 /* CycleModel.swift in Sources */ = {isa = PBXBuildFile; fileRef = 70E798112505FE1E00E63AA9 /* CycleModel.swift */; };
		70E79815250600B700E63AA9 /* CollectionCycleCell.swift in Sources */ = {isa = PBXBuildFile; fileRef = 70E79813250600B700E63AA9 /* CollectionCycleCell.swift */; };
		70E79816250600B700E63AA9 /* CollectionCycleCell.xib in Resources */ = {isa = PBXBuildFile; fileRef = 70E79814250600B700E63AA9 /* CollectionCycleCell.xib */; };
		70E79818250607E500E63AA9 /* RecommendGameView.swift in Sources */ = {isa = PBXBuildFile; fileRef = 70E79817250607E500E63AA9 /* RecommendGameView.swift */; };
		70E7981A250607F400E63AA9 /* RecommendGameView.xib in Resources */ = {isa = PBXBuildFile; fileRef = 70E79819250607F400E63AA9 /* RecommendGameView.xib */; };
		70E7981D25060C8700E63AA9 /* CollectionGameCell.swift in Sources */ = {isa = PBXBuildFile; fileRef = 70E7981B25060C8700E63AA9 /* CollectionGameCell.swift */; };
		70E7981E25060C8800E63AA9 /* CollectionGameCell.xib in Resources */ = {isa = PBXBuildFile; fileRef = 70E7981C25060C8700E63AA9 /* CollectionGameCell.xib */; };
		70E7982025061F9200E63AA9 /* GameViewController.swift in Sources */ = {isa = PBXBuildFile; fileRef = 70E7981F25061F9200E63AA9 /* GameViewController.swift */; };
		70E798222506224D00E63AA9 /* GameViewModel.swift in Sources */ = {isa = PBXBuildFile; fileRef = 70E798212506224D00E63AA9 /* GameViewModel.swift */; };
		70E79824250622B300E63AA9 /* GameModel.swift in Sources */ = {isa = PBXBuildFile; fileRef = 70E79823250622B300E63AA9 /* GameModel.swift */; };
		70E79826250622ED00E63AA9 /* BaseGameModel.swift in Sources */ = {isa = PBXBuildFile; fileRef = 70E79825250622ED00E63AA9 /* BaseGameModel.swift */; };
/* End PBXBuildFile section */

/* Begin PBXFileReference section */
		00EEF594619EE335D0CF1EE8 /* Pods-DYZB.debug.xcconfig */ = {isa = PBXFileReference; includeInIndex = 1; lastKnownFileType = text.xcconfig; name = "Pods-DYZB.debug.xcconfig"; path = "Target Support Files/Pods-DYZB/Pods-DYZB.debug.xcconfig"; sourceTree = "<group>"; };
		7001BA362501F6220061A70E /* Profile.storyboard */ = {isa = PBXFileReference; fileEncoding = 4; lastKnownFileType = file.storyboard; path = Profile.storyboard; sourceTree = "<group>"; };
		7001BA382501F6390061A70E /* Live.storyboard */ = {isa = PBXFileReference; fileEncoding = 4; lastKnownFileType = file.storyboard; name = Live.storyboard; path = ../View/Live.storyboard; sourceTree = "<group>"; };
		7001BA3A2501F6520061A70E /* Follow.storyboard */ = {isa = PBXFileReference; fileEncoding = 4; lastKnownFileType = file.storyboard; name = Follow.storyboard; path = ../Follow.storyboard; sourceTree = "<group>"; };
		7001BA3C2501F6670061A70E /* Home.storyboard */ = {isa = PBXFileReference; fileEncoding = 4; lastKnownFileType = file.storyboard; path = Home.storyboard; sourceTree = "<group>"; };
		7001BA3E25020B0C0061A70E /* MainViewController.swift */ = {isa = PBXFileReference; lastKnownFileType = sourcecode.swift; path = MainViewController.swift; sourceTree = "<group>"; };
		7001BA4F250210770061A70E /* HomeViewController.swift */ = {isa = PBXFileReference; lastKnownFileType = sourcecode.swift; path = HomeViewController.swift; sourceTree = "<group>"; };
		7001BA52250215DC0061A70E /* UIBarButtonItem-Extension.swift */ = {isa = PBXFileReference; lastKnownFileType = sourcecode.swift; path = "UIBarButtonItem-Extension.swift"; sourceTree = "<group>"; };
		7001BA5425021B0A0061A70E /* PageTitleView.swift */ = {isa = PBXFileReference; lastKnownFileType = sourcecode.swift; path = PageTitleView.swift; sourceTree = "<group>"; };
		7001BA5625021DCF0061A70E /* Common.swift */ = {isa = PBXFileReference; lastKnownFileType = sourcecode.swift; path = Common.swift; sourceTree = "<group>"; };
		7001BA58250225FD0061A70E /* PageContentView.swift */ = {isa = PBXFileReference; lastKnownFileType = sourcecode.swift; path = PageContentView.swift; sourceTree = "<group>"; };
		7001BA5A250227C50061A70E /* UIColor_Extension.swift */ = {isa = PBXFileReference; lastKnownFileType = sourcecode.swift; path = UIColor_Extension.swift; sourceTree = "<group>"; };
		701F662F2500E78C003ADAA1 /* DYZB.app */ = {isa = PBXFileReference; explicitFileType = wrapper.application; includeInIndex = 0; path = DYZB.app; sourceTree = BUILT_PRODUCTS_DIR; };
		701F66322500E78C003ADAA1 /* AppDelegate.swift */ = {isa = PBXFileReference; lastKnownFileType = sourcecode.swift; path = AppDelegate.swift; sourceTree = "<group>"; };
		701F66392500E78C003ADAA1 /* Base */ = {isa = PBXFileReference; lastKnownFileType = file.storyboard; name = Base; path = Base.lproj/Main.storyboard; sourceTree = "<group>"; };
		701F663B2500E78F003ADAA1 /* Assets.xcassets */ = {isa = PBXFileReference; lastKnownFileType = folder.assetcatalog; path = Assets.xcassets; sourceTree = "<group>"; };
		701F663E2500E78F003ADAA1 /* Base */ = {isa = PBXFileReference; lastKnownFileType = file.storyboard; name = Base; path = Base.lproj/LaunchScreen.storyboard; sourceTree = "<group>"; };
		701F66402500E78F003ADAA1 /* Info.plist */ = {isa = PBXFileReference; lastKnownFileType = text.plist.xml; path = Info.plist; sourceTree = "<group>"; };
		7025B95725050F340032563C /* Date-Extension.swift */ = {isa = PBXFileReference; lastKnownFileType = sourcecode.swift; path = "Date-Extension.swift"; sourceTree = "<group>"; };
		7025B959250517980032563C /* AnchorGroup.swift */ = {isa = PBXFileReference; lastKnownFileType = sourcecode.swift; path = AnchorGroup.swift; sourceTree = "<group>"; };
		7025B95B25051C2C0032563C /* AnchorModel.swift */ = {isa = PBXFileReference; lastKnownFileType = sourcecode.swift; path = AnchorModel.swift; sourceTree = "<group>"; };
		709B000E2504DFE600092E39 /* RecommendViewModel.swift */ = {isa = PBXFileReference; lastKnownFileType = sourcecode.swift; path = RecommendViewModel.swift; sourceTree = "<group>"; };
		70AA8B17250384430085EFA7 /* RecommendViewController.swift */ = {isa = PBXFileReference; lastKnownFileType = sourcecode.swift; path = RecommendViewController.swift; sourceTree = "<group>"; };
		70AA8B1925038C040085EFA7 /* CollectionHeaderView.swift */ = {isa = PBXFileReference; lastKnownFileType = sourcecode.swift; path = CollectionHeaderView.swift; sourceTree = "<group>"; };
		70AA8B1A25038C040085EFA7 /* CollectionHeaderView.xib */ = {isa = PBXFileReference; lastKnownFileType = file.xib; path = CollectionHeaderView.xib; sourceTree = "<group>"; };
		70AA8B1D250390830085EFA7 /* CollectionNormalCell.swift */ = {isa = PBXFileReference; lastKnownFileType = sourcecode.swift; path = CollectionNormalCell.swift; sourceTree = "<group>"; };
		70AA8B1E250390830085EFA7 /* CollectionNormalCell.xib */ = {isa = PBXFileReference; lastKnownFileType = file.xib; path = CollectionNormalCell.xib; sourceTree = "<group>"; };
		70AA8B212503E7830085EFA7 /* CollectionPrettyCell.swift */ = {isa = PBXFileReference; lastKnownFileType = sourcecode.swift; path = CollectionPrettyCell.swift; sourceTree = "<group>"; };
		70AA8B222503E7830085EFA7 /* CollectionPrettyCell.xib */ = {isa = PBXFileReference; lastKnownFileType = file.xib; path = CollectionPrettyCell.xib; sourceTree = "<group>"; };
		70AA8B252503F7800085EFA7 /* NetworkTools.swift */ = {isa = PBXFileReference; fileEncoding = 4; lastKnownFileType = sourcecode.swift; path = NetworkTools.swift; sourceTree = "<group>"; };
		70B1E90925067FF700E8B379 /* AmuseViewController.swift */ = {isa = PBXFileReference; lastKnownFileType = sourcecode.swift; path = AmuseViewController.swift; sourceTree = "<group>"; };
		70B1E90B2506834200E8B379 /* AmuseViewModel.swift */ = {isa = PBXFileReference; lastKnownFileType = sourcecode.swift; path = AmuseViewModel.swift; sourceTree = "<group>"; };
		70E7980B2505DC4900E63AA9 /* CollectionBaseCell.swift */ = {isa = PBXFileReference; lastKnownFileType = sourcecode.swift; path = CollectionBaseCell.swift; sourceTree = "<group>"; };
		70E7980D2505DFD500E63AA9 /* RecommendCycleView.swift */ = {isa = PBXFileReference; lastKnownFileType = sourcecode.swift; path = RecommendCycleView.swift; sourceTree = "<group>"; };
		70E7980F2505DFF200E63AA9 /* RecommendCycleView.xib */ = {isa = PBXFileReference; lastKnownFileType = file.xib; path = RecommendCycleView.xib; sourceTree = "<group>"; };
		70E798112505FE1E00E63AA9 /* CycleModel.swift */ = {isa = PBXFileReference; lastKnownFileType = sourcecode.swift; path = CycleModel.swift; sourceTree = "<group>"; };
		70E79813250600B700E63AA9 /* CollectionCycleCell.swift */ = {isa = PBXFileReference; lastKnownFileType = sourcecode.swift; path = CollectionCycleCell.swift; sourceTree = "<group>"; };
		70E79814250600B700E63AA9 /* CollectionCycleCell.xib */ = {isa = PBXFileReference; lastKnownFileType = file.xib; path = CollectionCycleCell.xib; sourceTree = "<group>"; };
		70E79817250607E500E63AA9 /* RecommendGameView.swift */ = {isa = PBXFileReference; lastKnownFileType = sourcecode.swift; path = RecommendGameView.swift; sourceTree = "<group>"; };
		70E79819250607F400E63AA9 /* RecommendGameView.xib */ = {isa = PBXFileReference; lastKnownFileType = file.xib; path = RecommendGameView.xib; sourceTree = "<group>"; };
		70E7981B25060C8700E63AA9 /* CollectionGameCell.swift */ = {isa = PBXFileReference; lastKnownFileType = sourcecode.swift; path = CollectionGameCell.swift; sourceTree = "<group>"; };
		70E7981C25060C8700E63AA9 /* CollectionGameCell.xib */ = {isa = PBXFileReference; lastKnownFileType = file.xib; path = CollectionGameCell.xib; sourceTree = "<group>"; };
		70E7981F25061F9200E63AA9 /* GameViewController.swift */ = {isa = PBXFileReference; lastKnownFileType = sourcecode.swift; path = GameViewController.swift; sourceTree = "<group>"; };
		70E798212506224D00E63AA9 /* GameViewModel.swift */ = {isa = PBXFileReference; lastKnownFileType = sourcecode.swift; path = GameViewModel.swift; sourceTree = "<group>"; };
		70E79823250622B300E63AA9 /* GameModel.swift */ = {isa = PBXFileReference; fileEncoding = 4; lastKnownFileType = sourcecode.swift; path = GameModel.swift; sourceTree = "<group>"; };
		70E79825250622ED00E63AA9 /* BaseGameModel.swift */ = {isa = PBXFileReference; fileEncoding = 4; lastKnownFileType = sourcecode.swift; path = BaseGameModel.swift; sourceTree = "<group>"; };
		819A2A363990930D56341D74 /* Pods-DYZB.release.xcconfig */ = {isa = PBXFileReference; includeInIndex = 1; lastKnownFileType = text.xcconfig; name = "Pods-DYZB.release.xcconfig"; path = "Target Support Files/Pods-DYZB/Pods-DYZB.release.xcconfig"; sourceTree = "<group>"; };
		E0A530C71C902E54727BD3B4 /* Pods_DYZB.framework */ = {isa = PBXFileReference; explicitFileType = wrapper.framework; includeInIndex = 0; path = Pods_DYZB.framework; sourceTree = BUILT_PRODUCTS_DIR; };
/* End PBXFileReference section */

/* Begin PBXFrameworksBuildPhase section */
		701F662C2500E78C003ADAA1 /* Frameworks */ = {
			isa = PBXFrameworksBuildPhase;
			buildActionMask = 2147483647;
			files = (
				53307090BC40ED98C4225EE7 /* Pods_DYZB.framework in Frameworks */,
			);
			runOnlyForDeploymentPostprocessing = 0;
		};
/* End PBXFrameworksBuildPhase section */

/* Begin PBXGroup section */
		0412C16966C7BB010BE46493 /* Pods */ = {
			isa = PBXGroup;
			children = (
				00EEF594619EE335D0CF1EE8 /* Pods-DYZB.debug.xcconfig */,
				819A2A363990930D56341D74 /* Pods-DYZB.release.xcconfig */,
			);
			path = Pods;
			sourceTree = "<group>";
		};
		7001BA1B2501E7400061A70E /* Classes */ = {
			isa = PBXGroup;
			children = (
				7001BA1C2501E7750061A70E /* Main */,
				7001BA1D2501E7870061A70E /* Home */,
				7001BA1E2501E78D0061A70E /* Live */,
				7001BA1F2501E7950061A70E /* Follow */,
				7001BA212501E7BA0061A70E /* Profile */,
				7001BA202501E7B00061A70E /* Tools */,
			);
			path = Classes;
			sourceTree = "<group>";
		};
		7001BA1C2501E7750061A70E /* Main */ = {
			isa = PBXGroup;
			children = (
				7001BA4325020F800061A70E /* Controller */,
				7001BA4425020F8A0061A70E /* Model */,
				7001BA4525020F910061A70E /* View */,
			);
			path = Main;
			sourceTree = "<group>";
		};
		7001BA1D2501E7870061A70E /* Home */ = {
			isa = PBXGroup;
			children = (
				709B000D2504DFA000092E39 /* ViewModel */,
				7001BA4025020F1A0061A70E /* Controller */,
				7001BA4225020F300061A70E /* Model */,
				7001BA4125020F2A0061A70E /* View */,
			);
			path = Home;
			sourceTree = "<group>";
		};
		7001BA1E2501E78D0061A70E /* Live */ = {
			isa = PBXGroup;
			children = (
				7001BA4625020FB60061A70E /* Controller */,
				7001BA4725020FBD0061A70E /* Model */,
				7001BA4825020FC30061A70E /* View */,
			);
			path = Live;
			sourceTree = "<group>";
		};
		7001BA1F2501E7950061A70E /* Follow */ = {
			isa = PBXGroup;
			children = (
				7001BA4925020FDB0061A70E /* Controller */,
				7001BA4A25020FE80061A70E /* Model */,
				7001BA4B25020FEE0061A70E /* View */,
			);
			path = Follow;
			sourceTree = "<group>";
		};
		7001BA202501E7B00061A70E /* Tools */ = {
			isa = PBXGroup;
			children = (
				7001BA512502159B0061A70E /* Extension */,
				7001BA5625021DCF0061A70E /* Common.swift */,
				70AA8B252503F7800085EFA7 /* NetworkTools.swift */,
			);
			path = Tools;
			sourceTree = "<group>";
		};
		7001BA212501E7BA0061A70E /* Profile */ = {
			isa = PBXGroup;
			children = (
				7001BA4C2502100E0061A70E /* Controller */,
				7001BA4D250210140061A70E /* Model */,
				7001BA4E2502101A0061A70E /* View */,
			);
			path = Profile;
			sourceTree = "<group>";
		};
		7001BA4025020F1A0061A70E /* Controller */ = {
			isa = PBXGroup;
			children = (
				7001BA3C2501F6670061A70E /* Home.storyboard */,
				7001BA4F250210770061A70E /* HomeViewController.swift */,
				70AA8B17250384430085EFA7 /* RecommendViewController.swift */,
				70E7981F25061F9200E63AA9 /* GameViewController.swift */,
				70B1E90925067FF700E8B379 /* AmuseViewController.swift */,
			);
			path = Controller;
			sourceTree = "<group>";
		};
		7001BA4125020F2A0061A70E /* View */ = {
			isa = PBXGroup;
			children = (
				70AA8B1925038C040085EFA7 /* CollectionHeaderView.swift */,
				70AA8B1A25038C040085EFA7 /* CollectionHeaderView.xib */,
				70E7980D2505DFD500E63AA9 /* RecommendCycleView.swift */,
				70E7980F2505DFF200E63AA9 /* RecommendCycleView.xib */,
				70E79813250600B700E63AA9 /* CollectionCycleCell.swift */,
				70E79814250600B700E63AA9 /* CollectionCycleCell.xib */,
				70E79817250607E500E63AA9 /* RecommendGameView.swift */,
				70E79819250607F400E63AA9 /* RecommendGameView.xib */,
				70E7981B25060C8700E63AA9 /* CollectionGameCell.swift */,
				70E7981C25060C8700E63AA9 /* CollectionGameCell.xib */,
			);
			path = View;
			sourceTree = "<group>";
		};
		7001BA4225020F300061A70E /* Model */ = {
			isa = PBXGroup;
			children = (
				70E79823250622B300E63AA9 /* GameModel.swift */,
				70E798112505FE1E00E63AA9 /* CycleModel.swift */,
			);
			path = Model;
			sourceTree = "<group>";
		};
		7001BA4325020F800061A70E /* Controller */ = {
			isa = PBXGroup;
			children = (
				701F66382500E78C003ADAA1 /* Main.storyboard */,
				7001BA3E25020B0C0061A70E /* MainViewController.swift */,
			);
			path = Controller;
			sourceTree = "<group>";
		};
		7001BA4425020F8A0061A70E /* Model */ = {
			isa = PBXGroup;
			children = (
				70E79825250622ED00E63AA9 /* BaseGameModel.swift */,
				7025B959250517980032563C /* AnchorGroup.swift */,
				7025B95B25051C2C0032563C /* AnchorModel.swift */,
			);
			path = Model;
			sourceTree = "<group>";
		};
		7001BA4525020F910061A70E /* View */ = {
			isa = PBXGroup;
			children = (
				7001BA5425021B0A0061A70E /* PageTitleView.swift */,
				7001BA58250225FD0061A70E /* PageContentView.swift */,
				70AA8B1D250390830085EFA7 /* CollectionNormalCell.swift */,
				70AA8B1E250390830085EFA7 /* CollectionNormalCell.xib */,
				70AA8B212503E7830085EFA7 /* CollectionPrettyCell.swift */,
				70AA8B222503E7830085EFA7 /* CollectionPrettyCell.xib */,
				70E7980B2505DC4900E63AA9 /* CollectionBaseCell.swift */,
			);
			path = View;
			sourceTree = "<group>";
		};
		7001BA4625020FB60061A70E /* Controller */ = {
			isa = PBXGroup;
			children = (
				7001BA382501F6390061A70E /* Live.storyboard */,
			);
			path = Controller;
			sourceTree = "<group>";
		};
		7001BA4725020FBD0061A70E /* Model */ = {
			isa = PBXGroup;
			children = (
			);
			path = Model;
			sourceTree = "<group>";
		};
		7001BA4825020FC30061A70E /* View */ = {
			isa = PBXGroup;
			children = (
			);
			path = View;
			sourceTree = "<group>";
		};
		7001BA4925020FDB0061A70E /* Controller */ = {
			isa = PBXGroup;
			children = (
				7001BA3A2501F6520061A70E /* Follow.storyboard */,
			);
			path = Controller;
			sourceTree = "<group>";
		};
		7001BA4A25020FE80061A70E /* Model */ = {
			isa = PBXGroup;
			children = (
			);
			path = Model;
			sourceTree = "<group>";
		};
		7001BA4B25020FEE0061A70E /* View */ = {
			isa = PBXGroup;
			children = (
			);
			path = View;
			sourceTree = "<group>";
		};
		7001BA4C2502100E0061A70E /* Controller */ = {
			isa = PBXGroup;
			children = (
				7001BA362501F6220061A70E /* Profile.storyboard */,
			);
			path = Controller;
			sourceTree = "<group>";
		};
		7001BA4D250210140061A70E /* Model */ = {
			isa = PBXGroup;
			children = (
			);
			path = Model;
			sourceTree = "<group>";
		};
		7001BA4E2502101A0061A70E /* View */ = {
			isa = PBXGroup;
			children = (
			);
			path = View;
			sourceTree = "<group>";
		};
		7001BA512502159B0061A70E /* Extension */ = {
			isa = PBXGroup;
			children = (
				7001BA52250215DC0061A70E /* UIBarButtonItem-Extension.swift */,
				7001BA5A250227C50061A70E /* UIColor_Extension.swift */,
				7025B95725050F340032563C /* Date-Extension.swift */,
			);
			path = Extension;
			sourceTree = "<group>";
		};
		701F66262500E78C003ADAA1 = {
			isa = PBXGroup;
			children = (
				701F66312500E78C003ADAA1 /* DYZB */,
				701F66302500E78C003ADAA1 /* Products */,
				0412C16966C7BB010BE46493 /* Pods */,
				846B1E8B085CFE501F1836BB /* Frameworks */,
			);
			sourceTree = "<group>";
		};
		701F66302500E78C003ADAA1 /* Products */ = {
			isa = PBXGroup;
			children = (
				701F662F2500E78C003ADAA1 /* DYZB.app */,
			);
			name = Products;
			sourceTree = "<group>";
		};
		701F66312500E78C003ADAA1 /* DYZB */ = {
			isa = PBXGroup;
			children = (
				7001BA1B2501E7400061A70E /* Classes */,
				701F66322500E78C003ADAA1 /* AppDelegate.swift */,
				701F663B2500E78F003ADAA1 /* Assets.xcassets */,
				701F663D2500E78F003ADAA1 /* LaunchScreen.storyboard */,
				701F66402500E78F003ADAA1 /* Info.plist */,
			);
			path = DYZB;
			sourceTree = "<group>";
		};
		709B000D2504DFA000092E39 /* ViewModel */ = {
			isa = PBXGroup;
			children = (
				709B000E2504DFE600092E39 /* RecommendViewModel.swift */,
				70E798212506224D00E63AA9 /* GameViewModel.swift */,
				70B1E90B2506834200E8B379 /* AmuseViewModel.swift */,
			);
			path = ViewModel;
			sourceTree = "<group>";
		};
		846B1E8B085CFE501F1836BB /* Frameworks */ = {
			isa = PBXGroup;
			children = (
				E0A530C71C902E54727BD3B4 /* Pods_DYZB.framework */,
			);
			name = Frameworks;
			sourceTree = "<group>";
		};
/* End PBXGroup section */

/* Begin PBXNativeTarget section */
		701F662E2500E78C003ADAA1 /* DYZB */ = {
			isa = PBXNativeTarget;
			buildConfigurationList = 701F66432500E78F003ADAA1 /* Build configuration list for PBXNativeTarget "DYZB" */;
			buildPhases = (
				33683A43EB9569B917BE24E9 /* [CP] Check Pods Manifest.lock */,
				701F662B2500E78C003ADAA1 /* Sources */,
				701F662C2500E78C003ADAA1 /* Frameworks */,
				701F662D2500E78C003ADAA1 /* Resources */,
				6E80C73660B7D5BD2028CEA1 /* [CP] Embed Pods Frameworks */,
			);
			buildRules = (
			);
			dependencies = (
			);
			name = DYZB;
			productName = DYZB;
			productReference = 701F662F2500E78C003ADAA1 /* DYZB.app */;
			productType = "com.apple.product-type.application";
		};
/* End PBXNativeTarget section */

/* Begin PBXProject section */
		701F66272500E78C003ADAA1 /* Project object */ = {
			isa = PBXProject;
			attributes = {
				LastSwiftUpdateCheck = 1160;
				LastUpgradeCheck = 1160;
				ORGANIZATIONNAME = "赵宏图";
				TargetAttributes = {
					701F662E2500E78C003ADAA1 = {
						CreatedOnToolsVersion = 11.6;
					};
				};
			};
			buildConfigurationList = 701F662A2500E78C003ADAA1 /* Build configuration list for PBXProject "DYZB" */;
			compatibilityVersion = "Xcode 9.3";
			developmentRegion = en;
			hasScannedForEncodings = 0;
			knownRegions = (
				en,
				Base,
			);
			mainGroup = 701F66262500E78C003ADAA1;
			productRefGroup = 701F66302500E78C003ADAA1 /* Products */;
			projectDirPath = "";
			projectRoot = "";
			targets = (
				701F662E2500E78C003ADAA1 /* DYZB */,
			);
		};
/* End PBXProject section */

/* Begin PBXResourcesBuildPhase section */
		701F662D2500E78C003ADAA1 /* Resources */ = {
			isa = PBXResourcesBuildPhase;
			buildActionMask = 2147483647;
			files = (
				7001BA3D2501F6670061A70E /* Home.storyboard in Resources */,
				70AA8B1C25038C040085EFA7 /* CollectionHeaderView.xib in Resources */,
				70AA8B20250390830085EFA7 /* CollectionNormalCell.xib in Resources */,
				701F663F2500E78F003ADAA1 /* LaunchScreen.storyboard in Resources */,
				701F663C2500E78F003ADAA1 /* Assets.xcassets in Resources */,
				7001BA372501F6220061A70E /* Profile.storyboard in Resources */,
				7001BA392501F6390061A70E /* Live.storyboard in Resources */,
				70E7981E25060C8800E63AA9 /* CollectionGameCell.xib in Resources */,
				70E798102505DFF200E63AA9 /* RecommendCycleView.xib in Resources */,
				70E79816250600B700E63AA9 /* CollectionCycleCell.xib in Resources */,
				70AA8B242503E7830085EFA7 /* CollectionPrettyCell.xib in Resources */,
				701F663A2500E78C003ADAA1 /* Main.storyboard in Resources */,
				70E7981A250607F400E63AA9 /* RecommendGameView.xib in Resources */,
				7001BA3B2501F6520061A70E /* Follow.storyboard in Resources */,
			);
			runOnlyForDeploymentPostprocessing = 0;
		};
/* End PBXResourcesBuildPhase section */

/* Begin PBXShellScriptBuildPhase section */
		33683A43EB9569B917BE24E9 /* [CP] Check Pods Manifest.lock */ = {
			isa = PBXShellScriptBuildPhase;
			buildActionMask = 2147483647;
			files = (
			);
			inputFileListPaths = (
			);
			inputPaths = (
				"${PODS_PODFILE_DIR_PATH}/Podfile.lock",
				"${PODS_ROOT}/Manifest.lock",
			);
			name = "[CP] Check Pods Manifest.lock";
			outputFileListPaths = (
			);
			outputPaths = (
				"$(DERIVED_FILE_DIR)/Pods-DYZB-checkManifestLockResult.txt",
			);
			runOnlyForDeploymentPostprocessing = 0;
			shellPath = /bin/sh;
			shellScript = "diff \"${PODS_PODFILE_DIR_PATH}/Podfile.lock\" \"${PODS_ROOT}/Manifest.lock\" > /dev/null\nif [ $? != 0 ] ; then\n    # print error to STDERR\n    echo \"error: The sandbox is not in sync with the Podfile.lock. Run 'pod install' or update your CocoaPods installation.\" >&2\n    exit 1\nfi\n# This output is used by Xcode 'outputs' to avoid re-running this script phase.\necho \"SUCCESS\" > \"${SCRIPT_OUTPUT_FILE_0}\"\n";
			showEnvVarsInLog = 0;
		};
		6E80C73660B7D5BD2028CEA1 /* [CP] Embed Pods Frameworks */ = {
			isa = PBXShellScriptBuildPhase;
			buildActionMask = 2147483647;
			files = (
			);
			inputFileListPaths = (
				"${PODS_ROOT}/Target Support Files/Pods-DYZB/Pods-DYZB-frameworks-${CONFIGURATION}-input-files.xcfilelist",
			);
			name = "[CP] Embed Pods Frameworks";
			outputFileListPaths = (
				"${PODS_ROOT}/Target Support Files/Pods-DYZB/Pods-DYZB-frameworks-${CONFIGURATION}-output-files.xcfilelist",
			);
			runOnlyForDeploymentPostprocessing = 0;
			shellPath = /bin/sh;
			shellScript = "\"${PODS_ROOT}/Target Support Files/Pods-DYZB/Pods-DYZB-frameworks.sh\"\n";
			showEnvVarsInLog = 0;
		};
/* End PBXShellScriptBuildPhase section */

/* Begin PBXSourcesBuildPhase section */
		701F662B2500E78C003ADAA1 /* Sources */ = {
			isa = PBXSourcesBuildPhase;
			buildActionMask = 2147483647;
			files = (
				70E7980E2505DFD500E63AA9 /* RecommendCycleView.swift in Sources */,
				701F66332500E78C003ADAA1 /* AppDelegate.swift in Sources */,
				70B1E90C2506834200E8B379 /* AmuseViewModel.swift in Sources */,
				70AA8B1B25038C040085EFA7 /* CollectionHeaderView.swift in Sources */,
				70E798222506224D00E63AA9 /* GameViewModel.swift in Sources */,
				7001BA3F25020B0C0061A70E /* MainViewController.swift in Sources */,
				70E7982025061F9200E63AA9 /* GameViewController.swift in Sources */,
				7001BA5525021B0A0061A70E /* PageTitleView.swift in Sources */,
				7025B95A250517980032563C /* AnchorGroup.swift in Sources */,
				7001BA5B250227C50061A70E /* UIColor_Extension.swift in Sources */,
				70AA8B18250384430085EFA7 /* RecommendViewController.swift in Sources */,
				70E79815250600B700E63AA9 /* CollectionCycleCell.swift in Sources */,
				70E79824250622B300E63AA9 /* GameModel.swift in Sources */,
				70E79826250622ED00E63AA9 /* BaseGameModel.swift in Sources */,
				70E798122505FE1E00E63AA9 /* CycleModel.swift in Sources */,
				70B1E90A25067FF700E8B379 /* AmuseViewController.swift in Sources */,
				7001BA59250225FD0061A70E /* PageContentView.swift in Sources */,
				7001BA53250215DC0061A70E /* UIBarButtonItem-Extension.swift in Sources */,
				7001BA5725021DCF0061A70E /* Common.swift in Sources */,
				70E79818250607E500E63AA9 /* RecommendGameView.swift in Sources */,
				70AA8B232503E7830085EFA7 /* CollectionPrettyCell.swift in Sources */,
				7025B95825050F340032563C /* Date-Extension.swift in Sources */,
				70E7980C2505DC4900E63AA9 /* CollectionBaseCell.swift in Sources */,
				70AA8B1F250390830085EFA7 /* CollectionNormalCell.swift in Sources */,
				70E7981D25060C8700E63AA9 /* CollectionGameCell.swift in Sources */,
				709B000F2504DFE600092E39 /* RecommendViewModel.swift in Sources */,
				70AA8B262503F7810085EFA7 /* NetworkTools.swift in Sources */,
				7001BA50250210770061A70E /* HomeViewController.swift in Sources */,
				7025B95C25051C2C0032563C /* AnchorModel.swift in Sources */,
			);
			runOnlyForDeploymentPostprocessing = 0;
		};
/* End PBXSourcesBuildPhase section */

/* Begin PBXVariantGroup section */
		701F66382500E78C003ADAA1 /* Main.storyboard */ = {
			isa = PBXVariantGroup;
			children = (
				701F66392500E78C003ADAA1 /* Base */,
			);
			name = Main.storyboard;
			sourceTree = "<group>";
		};
		701F663D2500E78F003ADAA1 /* LaunchScreen.storyboard */ = {
			isa = PBXVariantGroup;
			children = (
				701F663E2500E78F003ADAA1 /* Base */,
			);
			name = LaunchScreen.storyboard;
			sourceTree = "<group>";
		};
/* End PBXVariantGroup section */

/* Begin XCBuildConfiguration section */
		701F66412500E78F003ADAA1 /* Debug */ = {
			isa = XCBuildConfiguration;
			buildSettings = {
				ALWAYS_SEARCH_USER_PATHS = NO;
				CLANG_ANALYZER_NONNULL = YES;
				CLANG_ANALYZER_NUMBER_OBJECT_CONVERSION = YES_AGGRESSIVE;
				CLANG_CXX_LANGUAGE_STANDARD = "gnu++14";
				CLANG_CXX_LIBRARY = "libc++";
				CLANG_ENABLE_MODULES = YES;
				CLANG_ENABLE_OBJC_ARC = YES;
				CLANG_ENABLE_OBJC_WEAK = YES;
				CLANG_WARN_BLOCK_CAPTURE_AUTORELEASING = YES;
				CLANG_WARN_BOOL_CONVERSION = YES;
				CLANG_WARN_COMMA = YES;
				CLANG_WARN_CONSTANT_CONVERSION = YES;
				CLANG_WARN_DEPRECATED_OBJC_IMPLEMENTATIONS = YES;
				CLANG_WARN_DIRECT_OBJC_ISA_USAGE = YES_ERROR;
				CLANG_WARN_DOCUMENTATION_COMMENTS = YES;
				CLANG_WARN_EMPTY_BODY = YES;
				CLANG_WARN_ENUM_CONVERSION = YES;
				CLANG_WARN_INFINITE_RECURSION = YES;
				CLANG_WARN_INT_CONVERSION = YES;
				CLANG_WARN_NON_LITERAL_NULL_CONVERSION = YES;
				CLANG_WARN_OBJC_IMPLICIT_RETAIN_SELF = YES;
				CLANG_WARN_OBJC_LITERAL_CONVERSION = YES;
				CLANG_WARN_OBJC_ROOT_CLASS = YES_ERROR;
				CLANG_WARN_RANGE_LOOP_ANALYSIS = YES;
				CLANG_WARN_STRICT_PROTOTYPES = YES;
				CLANG_WARN_SUSPICIOUS_MOVE = YES;
				CLANG_WARN_UNGUARDED_AVAILABILITY = YES_AGGRESSIVE;
				CLANG_WARN_UNREACHABLE_CODE = YES;
				CLANG_WARN__DUPLICATE_METHOD_MATCH = YES;
				COPY_PHASE_STRIP = NO;
				DEBUG_INFORMATION_FORMAT = dwarf;
				ENABLE_STRICT_OBJC_MSGSEND = YES;
				ENABLE_TESTABILITY = YES;
				GCC_C_LANGUAGE_STANDARD = gnu11;
				GCC_DYNAMIC_NO_PIC = NO;
				GCC_NO_COMMON_BLOCKS = YES;
				GCC_OPTIMIZATION_LEVEL = 0;
				GCC_PREPROCESSOR_DEFINITIONS = (
					"DEBUG=1",
					"$(inherited)",
				);
				GCC_WARN_64_TO_32_BIT_CONVERSION = YES;
				GCC_WARN_ABOUT_RETURN_TYPE = YES_ERROR;
				GCC_WARN_UNDECLARED_SELECTOR = YES;
				GCC_WARN_UNINITIALIZED_AUTOS = YES_AGGRESSIVE;
				GCC_WARN_UNUSED_FUNCTION = YES;
				GCC_WARN_UNUSED_VARIABLE = YES;
				IPHONEOS_DEPLOYMENT_TARGET = 13.6;
				MTL_ENABLE_DEBUG_INFO = INCLUDE_SOURCE;
				MTL_FAST_MATH = YES;
				ONLY_ACTIVE_ARCH = YES;
				SDKROOT = iphoneos;
				SWIFT_ACTIVE_COMPILATION_CONDITIONS = DEBUG;
				SWIFT_OPTIMIZATION_LEVEL = "-Onone";
			};
			name = Debug;
		};
		701F66422500E78F003ADAA1 /* Release */ = {
			isa = XCBuildConfiguration;
			buildSettings = {
				ALWAYS_SEARCH_USER_PATHS = NO;
				CLANG_ANALYZER_NONNULL = YES;
				CLANG_ANALYZER_NUMBER_OBJECT_CONVERSION = YES_AGGRESSIVE;
				CLANG_CXX_LANGUAGE_STANDARD = "gnu++14";
				CLANG_CXX_LIBRARY = "libc++";
				CLANG_ENABLE_MODULES = YES;
				CLANG_ENABLE_OBJC_ARC = YES;
				CLANG_ENABLE_OBJC_WEAK = YES;
				CLANG_WARN_BLOCK_CAPTURE_AUTORELEASING = YES;
				CLANG_WARN_BOOL_CONVERSION = YES;
				CLANG_WARN_COMMA = YES;
				CLANG_WARN_CONSTANT_CONVERSION = YES;
				CLANG_WARN_DEPRECATED_OBJC_IMPLEMENTATIONS = YES;
				CLANG_WARN_DIRECT_OBJC_ISA_USAGE = YES_ERROR;
				CLANG_WARN_DOCUMENTATION_COMMENTS = YES;
				CLANG_WARN_EMPTY_BODY = YES;
				CLANG_WARN_ENUM_CONVERSION = YES;
				CLANG_WARN_INFINITE_RECURSION = YES;
				CLANG_WARN_INT_CONVERSION = YES;
				CLANG_WARN_NON_LITERAL_NULL_CONVERSION = YES;
				CLANG_WARN_OBJC_IMPLICIT_RETAIN_SELF = YES;
				CLANG_WARN_OBJC_LITERAL_CONVERSION = YES;
				CLANG_WARN_OBJC_ROOT_CLASS = YES_ERROR;
				CLANG_WARN_RANGE_LOOP_ANALYSIS = YES;
				CLANG_WARN_STRICT_PROTOTYPES = YES;
				CLANG_WARN_SUSPICIOUS_MOVE = YES;
				CLANG_WARN_UNGUARDED_AVAILABILITY = YES_AGGRESSIVE;
				CLANG_WARN_UNREACHABLE_CODE = YES;
				CLANG_WARN__DUPLICATE_METHOD_MATCH = YES;
				COPY_PHASE_STRIP = NO;
				DEBUG_INFORMATION_FORMAT = "dwarf-with-dsym";
				ENABLE_NS_ASSERTIONS = NO;
				ENABLE_STRICT_OBJC_MSGSEND = YES;
				GCC_C_LANGUAGE_STANDARD = gnu11;
				GCC_NO_COMMON_BLOCKS = YES;
				GCC_WARN_64_TO_32_BIT_CONVERSION = YES;
				GCC_WARN_ABOUT_RETURN_TYPE = YES_ERROR;
				GCC_WARN_UNDECLARED_SELECTOR = YES;
				GCC_WARN_UNINITIALIZED_AUTOS = YES_AGGRESSIVE;
				GCC_WARN_UNUSED_FUNCTION = YES;
				GCC_WARN_UNUSED_VARIABLE = YES;
				IPHONEOS_DEPLOYMENT_TARGET = 13.6;
				MTL_ENABLE_DEBUG_INFO = NO;
				MTL_FAST_MATH = YES;
				SDKROOT = iphoneos;
				SWIFT_COMPILATION_MODE = wholemodule;
				SWIFT_OPTIMIZATION_LEVEL = "-O";
				VALIDATE_PRODUCT = YES;
			};
			name = Release;
		};
		701F66442500E78F003ADAA1 /* Debug */ = {
			isa = XCBuildConfiguration;
			baseConfigurationReference = 00EEF594619EE335D0CF1EE8 /* Pods-DYZB.debug.xcconfig */;
			buildSettings = {
				ASSETCATALOG_COMPILER_APPICON_NAME = AppIcon;
				CODE_SIGN_IDENTITY = "Apple Development";
				CODE_SIGN_STYLE = Automatic;
				DEVELOPMENT_TEAM = 3LFL53Q263;
				INFOPLIST_FILE = DYZB/Info.plist;
				IPHONEOS_DEPLOYMENT_TARGET = 10.0;
				LD_RUNPATH_SEARCH_PATHS = (
					"$(inherited)",
					"@executable_path/Frameworks",
				);
				PRODUCT_BUNDLE_IDENTIFIER = com.worth.DYZB;
				PRODUCT_NAME = "$(TARGET_NAME)";
				PROVISIONING_PROFILE_SPECIFIER = "";
				SWIFT_VERSION = 5.0;
				TARGETED_DEVICE_FAMILY = 1;
			};
			name = Debug;
		};
		701F66452500E78F003ADAA1 /* Release */ = {
			isa = XCBuildConfiguration;
			baseConfigurationReference = 819A2A363990930D56341D74 /* Pods-DYZB.release.xcconfig */;
			buildSettings = {
				ASSETCATALOG_COMPILER_APPICON_NAME = AppIcon;
				CODE_SIGN_IDENTITY = "Apple Development";
				CODE_SIGN_STYLE = Automatic;
				DEVELOPMENT_TEAM = 3LFL53Q263;
				INFOPLIST_FILE = DYZB/Info.plist;
				IPHONEOS_DEPLOYMENT_TARGET = 10.0;
				LD_RUNPATH_SEARCH_PATHS = (
					"$(inherited)",
					"@executable_path/Frameworks",
				);
				PRODUCT_BUNDLE_IDENTIFIER = com.worth.DYZB;
				PRODUCT_NAME = "$(TARGET_NAME)";
				PROVISIONING_PROFILE_SPECIFIER = "";
				SWIFT_VERSION = 5.0;
				TARGETED_DEVICE_FAMILY = 1;
			};
			name = Release;
		};
/* End XCBuildConfiguration section */

/* Begin XCConfigurationList section */
		701F662A2500E78C003ADAA1 /* Build configuration list for PBXProject "DYZB" */ = {
			isa = XCConfigurationList;
			buildConfigurations = (
				701F66412500E78F003ADAA1 /* Debug */,
				701F66422500E78F003ADAA1 /* Release */,
			);
			defaultConfigurationIsVisible = 0;
			defaultConfigurationName = Release;
		};
		701F66432500E78F003ADAA1 /* Build configuration list for PBXNativeTarget "DYZB" */ = {
			isa = XCConfigurationList;
			buildConfigurations = (
				701F66442500E78F003ADAA1 /* Debug */,
				701F66452500E78F003ADAA1 /* Release */,
			);
			defaultConfigurationIsVisible = 0;
			defaultConfigurationName = Release;
		};
/* End XCConfigurationList section */
	};
	rootObject = 701F66272500E78C003ADAA1 /* Project object */;
}
